
Microsoft Visual Studio Solution File, Format Version 12.00
Project("{FAE04EC0-301F-11D3-BF4B-00C04F79EFBC}") = "FinalProj", "FinalProj.csproj", "{12F0B6DB-4031-4CB0-9AB0-92E3BAB0DFFC}"
EndProject
Global
	GlobalSection(SolutionConfigurationPlatforms) = preSolution
		Debug|Any CPU = Debug|Any CPU
		Release|Any CPU = Release|Any CPU
	EndGlobalSection
	GlobalSection(ProjectConfigurationPlatforms) = postSolution
		{12F0B6DB-4031-4CB0-9AB0-92E3BAB0DFFC}.Debug|Any CPU.ActiveCfg = Debug|Any CPU
		{12F0B6DB-4031-4CB0-9AB0-92E3BAB0DFFC}.Debug|Any CPU.Build.0 = Debug|Any CPU
		{12F0B6DB-4031-4CB0-9AB0-92E3BAB0DFFC}.Release|Any CPU.ActiveCfg = Release|Any CPU
		{12F0B6DB-4031-4CB0-9AB0-92E3BAB0DFFC}.Release|Any CPU.Build.0 = Release|Any CPU
	EndGlobalSection
EndGlobal
